
Microsoft Visual Studio Solution File, Format Version 12.00
Project("{FAE04EC0-301F-11D3-BF4B-00C04F79EFBC}") = "AuthoringTool", "AuthoringTool\AuthoringTool.csproj", "{0C6696A5-DF9A-491B-BC94-AE0B93C7F6AA}"
	ProjectSection(ProjectDependencies) = postProject
		{E3066ECB-19B3-418F-9D5C-72D7D0B8DC34} = {E3066ECB-19B3-418F-9D5C-72D7D0B8DC34}
	EndProjectSection
EndProject
Project("{FAE04EC0-301F-11D3-BF4B-00C04F79EFBC}") = "AuthoringToolTest", "AuthoringToolTest\AuthoringToolTest.csproj", "{E3CF76B7-1111-43E2-8374-4777709AFC93}"
EndProject
Project("{FAE04EC0-301F-11D3-BF4B-00C04F79EFBC}") = "ElectronWrapper", "ElectronNETCompatibility\ElectronWrapper\ElectronWrapper.csproj", "{E3066ECB-19B3-418F-9D5C-72D7D0B8DC34}"
EndProject
Global
	GlobalSection(SolutionConfigurationPlatforms) = preSolution
		Debug|Any CPU = Debug|Any CPU
		Release|Any CPU = Release|Any CPU
	EndGlobalSection
	GlobalSection(ProjectConfigurationPlatforms) = postSolution
		{0C6696A5-DF9A-491B-BC94-AE0B93C7F6AA}.Debug|Any CPU.ActiveCfg = Debug|Any CPU
		{0C6696A5-DF9A-491B-BC94-AE0B93C7F6AA}.Debug|Any CPU.Build.0 = Debug|Any CPU
		{0C6696A5-DF9A-491B-BC94-AE0B93C7F6AA}.Release|Any CPU.ActiveCfg = Release|Any CPU
		{0C6696A5-DF9A-491B-BC94-AE0B93C7F6AA}.Release|Any CPU.Build.0 = Release|Any CPU
		{E3CF76B7-1111-43E2-8374-4777709AFC93}.Debug|Any CPU.ActiveCfg = Debug|Any CPU
		{E3CF76B7-1111-43E2-8374-4777709AFC93}.Debug|Any CPU.Build.0 = Debug|Any CPU
		{E3CF76B7-1111-43E2-8374-4777709AFC93}.Release|Any CPU.ActiveCfg = Release|Any CPU
		{E3CF76B7-1111-43E2-8374-4777709AFC93}.Release|Any CPU.Build.0 = Release|Any CPU
		{E3066ECB-19B3-418F-9D5C-72D7D0B8DC34}.Debug|Any CPU.ActiveCfg = Debug|Any CPU
		{E3066ECB-19B3-418F-9D5C-72D7D0B8DC34}.Debug|Any CPU.Build.0 = Debug|Any CPU
		{E3066ECB-19B3-418F-9D5C-72D7D0B8DC34}.Release|Any CPU.ActiveCfg = Release|Any CPU
		{E3066ECB-19B3-418F-9D5C-72D7D0B8DC34}.Release|Any CPU.Build.0 = Release|Any CPU
	EndGlobalSection
EndGlobal
